// !$*UTF8*$!
{
	archiveVersion = 1;
	classes = {
	};
	objectVersion = 56;
	objects = {

/* Begin PBXBuildFile section */
		007C4EE729D7BC7700A69FCA /* AppDelegate.swift in Sources */ = {isa = PBXBuildFile; fileRef = 007C4EE629D7BC7700A69FCA /* AppDelegate.swift */; };
		007C4EE929D7BC7700A69FCA /* SceneDelegate.swift in Sources */ = {isa = PBXBuildFile; fileRef = 007C4EE829D7BC7700A69FCA /* SceneDelegate.swift */; };
		007C4EEB29D7BC7700A69FCA /* ViewController.swift in Sources */ = {isa = PBXBuildFile; fileRef = 007C4EEA29D7BC7700A69FCA /* ViewController.swift */; };
		007C4EEE29D7BC7700A69FCA /* Main.storyboard in Resources */ = {isa = PBXBuildFile; fileRef = 007C4EEC29D7BC7700A69FCA /* Main.storyboard */; };
		007C4EF029D7BC7800A69FCA /* Assets.xcassets in Resources */ = {isa = PBXBuildFile; fileRef = 007C4EEF29D7BC7800A69FCA /* Assets.xcassets */; };
		007C4EF329D7BC7800A69FCA /* LaunchScreen.storyboard in Resources */ = {isa = PBXBuildFile; fileRef = 007C4EF129D7BC7800A69FCA /* LaunchScreen.storyboard */; };
		007C4EFD29D7C87100A69FCA /* PlantViewController.swift in Sources */ = {isa = PBXBuildFile; fileRef = 007C4EFC29D7C87100A69FCA /* PlantViewController.swift */; };
		007C4EFF29D7D32A00A69FCA /* WeatherData.swift in Sources */ = {isa = PBXBuildFile; fileRef = 007C4EFE29D7D32A00A69FCA /* WeatherData.swift */; };
		007C4F0129D7D33500A69FCA /* WeatherModel.swift in Sources */ = {isa = PBXBuildFile; fileRef = 007C4F0029D7D33500A69FCA /* WeatherModel.swift */; };
		007C4F0329D7D34600A69FCA /* WeatherManager.swift in Sources */ = {isa = PBXBuildFile; fileRef = 007C4F0229D7D34600A69FCA /* WeatherManager.swift */; };
/* End PBXBuildFile section */

/* Begin PBXFileReference section */
		007C4EE329D7BC7700A69FCA /* PlantWatering.app */ = {isa = PBXFileReference; explicitFileType = wrapper.application; includeInIndex = 0; path = PlantWatering.app; sourceTree = BUILT_PRODUCTS_DIR; };
		007C4EE629D7BC7700A69FCA /* AppDelegate.swift */ = {isa = PBXFileReference; lastKnownFileType = sourcecode.swift; path = AppDelegate.swift; sourceTree = "<group>"; };
		007C4EE829D7BC7700A69FCA /* SceneDelegate.swift */ = {isa = PBXFileReference; lastKnownFileType = sourcecode.swift; path = SceneDelegate.swift; sourceTree = "<group>"; };
		007C4EEA29D7BC7700A69FCA /* ViewController.swift */ = {isa = PBXFileReference; lastKnownFileType = sourcecode.swift; path = ViewController.swift; sourceTree = "<group>"; };
		007C4EED29D7BC7700A69FCA /* Base */ = {isa = PBXFileReference; lastKnownFileType = file.storyboard; name = Base; path = Base.lproj/Main.storyboard; sourceTree = "<group>"; };
		007C4EEF29D7BC7800A69FCA /* Assets.xcassets */ = {isa = PBXFileReference; lastKnownFileType = folder.assetcatalog; path = Assets.xcassets; sourceTree = "<group>"; };
		007C4EF229D7BC7800A69FCA /* Base */ = {isa = PBXFileReference; lastKnownFileType = file.storyboard; name = Base; path = Base.lproj/LaunchScreen.storyboard; sourceTree = "<group>"; };
		007C4EF429D7BC7800A69FCA /* Info.plist */ = {isa = PBXFileReference; lastKnownFileType = text.plist.xml; path = Info.plist; sourceTree = "<group>"; };
		007C4EFC29D7C87100A69FCA /* PlantViewController.swift */ = {isa = PBXFileReference; lastKnownFileType = sourcecode.swift; path = PlantViewController.swift; sourceTree = "<group>"; };
		007C4EFE29D7D32A00A69FCA /* WeatherData.swift */ = {isa = PBXFileReference; lastKnownFileType = sourcecode.swift; path = WeatherData.swift; sourceTree = "<group>"; };
		007C4F0029D7D33500A69FCA /* WeatherModel.swift */ = {isa = PBXFileReference; lastKnownFileType = sourcecode.swift; path = WeatherModel.swift; sourceTree = "<group>"; };
		007C4F0229D7D34600A69FCA /* WeatherManager.swift */ = {isa = PBXFileReference; lastKnownFileType = sourcecode.swift; path = WeatherManager.swift; sourceTree = "<group>"; };
/* End PBXFileReference section */

/* Begin PBXFrameworksBuildPhase section */
		007C4EE029D7BC7700A69FCA /* Frameworks */ = {
			isa = PBXFrameworksBuildPhase;
			buildActionMask = 2147483647;
			files = (
			);
			runOnlyForDeploymentPostprocessing = 0;
		};
/* End PBXFrameworksBuildPhase section */

/* Begin PBXGroup section */
		007C4EDA29D7BC7700A69FCA = {
			isa = PBXGroup;
			children = (
				007C4EE529D7BC7700A69FCA /* PlantWatering */,
				007C4EE429D7BC7700A69FCA /* Products */,
			);
			sourceTree = "<group>";
		};
		007C4EE429D7BC7700A69FCA /* Products */ = {
			isa = PBXGroup;
			children = (
				007C4EE329D7BC7700A69FCA /* PlantWatering.app */,
			);
			name = Products;
			sourceTree = "<group>";
		};
		007C4EE529D7BC7700A69FCA /* PlantWatering */ = {
			isa = PBXGroup;
			children = (
				007C4EE629D7BC7700A69FCA /* AppDelegate.swift */,
				007C4EE829D7BC7700A69FCA /* SceneDelegate.swift */,
				007C4EEC29D7BC7700A69FCA /* Main.storyboard */,
				007C4EEF29D7BC7800A69FCA /* Assets.xcassets */,
				007C4EF129D7BC7800A69FCA /* LaunchScreen.storyboard */,
				007C4EF429D7BC7800A69FCA /* Info.plist */,
				007C4EFC29D7C87100A69FCA /* PlantViewController.swift */,
				007C4EEA29D7BC7700A69FCA /* ViewController.swift */,
				007C4EFE29D7D32A00A69FCA /* WeatherData.swift */,
				007C4F0029D7D33500A69FCA /* WeatherModel.swift */,
				007C4F0229D7D34600A69FCA /* WeatherManager.swift */,
			);
			path = PlantWatering;
			sourceTree = "<group>";
		};
/* End PBXGroup section */

/* Begin PBXNativeTarget section */
		007C4EE229D7BC7700A69FCA /* PlantWatering */ = {
			isa = PBXNativeTarget;
			buildConfigurationList = 007C4EF729D7BC7800A69FCA /* Build configuration list for PBXNativeTarget "PlantWatering" */;
			buildPhases = (
				007C4EDF29D7BC7700A69FCA /* Sources */,
				007C4EE029D7BC7700A69FCA /* Frameworks */,
				007C4EE129D7BC7700A69FCA /* Resources */,
			);
			buildRules = (
			);
			dependencies = (
			);
			name = PlantWatering;
			productName = PlantWatering;
			productReference = 007C4EE329D7BC7700A69FCA /* PlantWatering.app */;
			productType = "com.apple.product-type.application";
		};
/* End PBXNativeTarget section */

/* Begin PBXProject section */
		007C4EDB29D7BC7700A69FCA /* Project object */ = {
			isa = PBXProject;
			attributes = {
				BuildIndependentTargetsInParallel = 1;
				LastSwiftUpdateCheck = 1430;
				LastUpgradeCheck = 1430;
				TargetAttributes = {
					007C4EE229D7BC7700A69FCA = {
						CreatedOnToolsVersion = 14.3;
					};
				};
			};
			buildConfigurationList = 007C4EDE29D7BC7700A69FCA /* Build configuration list for PBXProject "PlantWatering" */;
			compatibilityVersion = "Xcode 14.0";
			developmentRegion = en;
			hasScannedForEncodings = 0;
			knownRegions = (
				en,
				Base,
			);
			mainGroup = 007C4EDA29D7BC7700A69FCA;
			productRefGroup = 007C4EE429D7BC7700A69FCA /* Products */;
			projectDirPath = "";
			projectRoot = "";
			targets = (
				007C4EE229D7BC7700A69FCA /* PlantWatering */,
			);
		};
/* End PBXProject section */

/* Begin PBXResourcesBuildPhase section */
		007C4EE129D7BC7700A69FCA /* Resources */ = {
			isa = PBXResourcesBuildPhase;
			buildActionMask = 2147483647;
			files = (
				007C4EF329D7BC7800A69FCA /* LaunchScreen.storyboard in Resources */,
				007C4EF029D7BC7800A69FCA /* Assets.xcassets in Resources */,
				007C4EEE29D7BC7700A69FCA /* Main.storyboard in Resources */,
			);
			runOnlyForDeploymentPostprocessing = 0;
		};
/* End PBXResourcesBuildPhase section */

/* Begin PBXSourcesBuildPhase section */
		007C4EDF29D7BC7700A69FCA /* Sources */ = {
			isa = PBXSourcesBuildPhase;
			buildActionMask = 2147483647;
			files = (
				007C4EEB29D7BC7700A69FCA /* ViewController.swift in Sources */,
				007C4EFF29D7D32A00A69FCA /* WeatherData.swift in Sources */,
				007C4EE729D7BC7700A69FCA /* AppDelegate.swift in Sources */,
				007C4F0329D7D34600A69FCA /* WeatherManager.swift in Sources */,
				007C4EFD29D7C87100A69FCA /* PlantViewController.swift in Sources */,
				007C4F0129D7D33500A69FCA /* WeatherModel.swift in Sources */,
				007C4EE929D7BC7700A69FCA /* SceneDelegate.swift in Sources */,
			);
			runOnlyForDeploymentPostprocessing = 0;
		};
/* End PBXSourcesBuildPhase section */

/* Begin PBXVariantGroup section */
		007C4EEC29D7BC7700A69FCA /* Main.storyboard */ = {
			isa = PBXVariantGroup;
			children = (
				007C4EED29D7BC7700A69FCA /* Base */,
			);
			name = Main.storyboard;
			sourceTree = "<group>";
		};
		007C4EF129D7BC7800A69FCA /* LaunchScreen.storyboard */ = {
			isa = PBXVariantGroup;
			children = (
				007C4EF229D7BC7800A69FCA /* Base */,
			);
			name = LaunchScreen.storyboard;
			sourceTree = "<group>";
		};
/* End PBXVariantGroup section */

/* Begin XCBuildConfiguration section */
		007C4EF529D7BC7800A69FCA /* Debug */ = {
			isa = XCBuildConfiguration;
			buildSettings = {
				ALWAYS_SEARCH_USER_PATHS = NO;
				CLANG_ANALYZER_NONNULL = YES;
				CLANG_ANALYZER_NUMBER_OBJECT_CONVERSION = YES_AGGRESSIVE;
				CLANG_CXX_LANGUAGE_STANDARD = "gnu++20";
				CLANG_ENABLE_MODULES = YES;
				CLANG_ENABLE_OBJC_ARC = YES;
				CLANG_ENABLE_OBJC_WEAK = YES;
				CLANG_WARN_BLOCK_CAPTURE_AUTORELEASING = YES;
				CLANG_WARN_BOOL_CONVERSION = YES;
				CLANG_WARN_COMMA = YES;
				CLANG_WARN_CONSTANT_CONVERSION = YES;
				CLANG_WARN_DEPRECATED_OBJC_IMPLEMENTATIONS = YES;
				CLANG_WARN_DIRECT_OBJC_ISA_USAGE = YES_ERROR;
				CLANG_WARN_DOCUMENTATION_COMMENTS = YES;
				CLANG_WARN_EMPTY_BODY = YES;
				CLANG_WARN_ENUM_CONVERSION = YES;
				CLANG_WARN_INFINITE_RECURSION = YES;
				CLANG_WARN_INT_CONVERSION = YES;
				CLANG_WARN_NON_LITERAL_NULL_CONVERSION = YES;
				CLANG_WARN_OBJC_IMPLICIT_RETAIN_SELF = YES;
				CLANG_WARN_OBJC_LITERAL_CONVERSION = YES;
				CLANG_WARN_OBJC_ROOT_CLASS = YES_ERROR;
				CLANG_WARN_QUOTED_INCLUDE_IN_FRAMEWORK_HEADER = YES;
				CLANG_WARN_RANGE_LOOP_ANALYSIS = YES;
				CLANG_WARN_STRICT_PROTOTYPES = YES;
				CLANG_WARN_SUSPICIOUS_MOVE = YES;
				CLANG_WARN_UNGUARDED_AVAILABILITY = YES_AGGRESSIVE;
				CLANG_WARN_UNREACHABLE_CODE = YES;
				CLANG_WARN__DUPLICATE_METHOD_MATCH = YES;
				COPY_PHASE_STRIP = NO;
				DEBUG_INFORMATION_FORMAT = dwarf;
				ENABLE_STRICT_OBJC_MSGSEND = YES;
				ENABLE_TESTABILITY = YES;
				GCC_C_LANGUAGE_STANDARD = gnu11;
				GCC_DYNAMIC_NO_PIC = NO;
				GCC_NO_COMMON_BLOCKS = YES;
				GCC_OPTIMIZATION_LEVEL = 0;
				GCC_PREPROCESSOR_DEFINITIONS = (
					"DEBUG=1",
					"$(inherited)",
				);
				GCC_WARN_64_TO_32_BIT_CONVERSION = YES;
				GCC_WARN_ABOUT_RETURN_TYPE = YES_ERROR;
				GCC_WARN_UNDECLARED_SELECTOR = YES;
				GCC_WARN_UNINITIALIZED_AUTOS = YES_AGGRESSIVE;
				GCC_WARN_UNUSED_FUNCTION = YES;
				GCC_WARN_UNUSED_VARIABLE = YES;
				IPHONEOS_DEPLOYMENT_TARGET = 16.0;
				MTL_ENABLE_DEBUG_INFO = INCLUDE_SOURCE;
				MTL_FAST_MATH = YES;
				ONLY_ACTIVE_ARCH = YES;
				SDKROOT = iphoneos;
				SWIFT_ACTIVE_COMPILATION_CONDITIONS = DEBUG;
				SWIFT_OPTIMIZATION_LEVEL = "-Onone";
			};
			name = Debug;
		};
		007C4EF629D7BC7800A69FCA /* Release */ = {
			isa = XCBuildConfiguration;
			buildSettings = {
				ALWAYS_SEARCH_USER_PATHS = NO;
				CLANG_ANALYZER_NONNULL = YES;
				CLANG_ANALYZER_NUMBER_OBJECT_CONVERSION = YES_AGGRESSIVE;
				CLANG_CXX_LANGUAGE_STANDARD = "gnu++20";
				CLANG_ENABLE_MODULES = YES;
				CLANG_ENABLE_OBJC_ARC = YES;
				CLANG_ENABLE_OBJC_WEAK = YES;
				CLANG_WARN_BLOCK_CAPTURE_AUTORELEASING = YES;
				CLANG_WARN_BOOL_CONVERSION = YES;
				CLANG_WARN_COMMA = YES;
				CLANG_WARN_CONSTANT_CONVERSION = YES;
				CLANG_WARN_DEPRECATED_OBJC_IMPLEMENTATIONS = YES;
				CLANG_WARN_DIRECT_OBJC_ISA_USAGE = YES_ERROR;
				CLANG_WARN_DOCUMENTATION_COMMENTS = YES;
				CLANG_WARN_EMPTY_BODY = YES;
				CLANG_WARN_ENUM_CONVERSION = YES;
				CLANG_WARN_INFINITE_RECURSION = YES;
				CLANG_WARN_INT_CONVERSION = YES;
				CLANG_WARN_NON_LITERAL_NULL_CONVERSION = YES;
				CLANG_WARN_OBJC_IMPLICIT_RETAIN_SELF = YES;
				CLANG_WARN_OBJC_LITERAL_CONVERSION = YES;
				CLANG_WARN_OBJC_ROOT_CLASS = YES_ERROR;
				CLANG_WARN_QUOTED_INCLUDE_IN_FRAMEWORK_HEADER = YES;
				CLANG_WARN_RANGE_LOOP_ANALYSIS = YES;
				CLANG_WARN_STRICT_PROTOTYPES = YES;
				CLANG_WARN_SUSPICIOUS_MOVE = YES;
				CLANG_WARN_UNGUARDED_AVAILABILITY = YES_AGGRESSIVE;
				CLANG_WARN_UNREACHABLE_CODE = YES;
				CLANG_WARN__DUPLICATE_METHOD_MATCH = YES;
				COPY_PHASE_STRIP = NO;
				DEBUG_INFORMATION_FORMAT = "dwarf-with-dsym";
				ENABLE_NS_ASSERTIONS = NO;
				ENABLE_STRICT_OBJC_MSGSEND = YES;
				GCC_C_LANGUAGE_STANDARD = gnu11;
				GCC_NO_COMMON_BLOCKS = YES;
				GCC_WARN_64_TO_32_BIT_CONVERSION = YES;
				GCC_WARN_ABOUT_RETURN_TYPE = YES_ERROR;
				GCC_WARN_UNDECLARED_SELECTOR = YES;
				GCC_WARN_UNINITIALIZED_AUTOS = YES_AGGRESSIVE;
				GCC_WARN_UNUSED_FUNCTION = YES;
				GCC_WARN_UNUSED_VARIABLE = YES;
				IPHONEOS_DEPLOYMENT_TARGET = 16.0;
				MTL_ENABLE_DEBUG_INFO = NO;
				MTL_FAST_MATH = YES;
				SDKROOT = iphoneos;
				SWIFT_COMPILATION_MODE = wholemodule;
				SWIFT_OPTIMIZATION_LEVEL = "-O";
				VALIDATE_PRODUCT = YES;
			};
			name = Release;
		};
		007C4EF829D7BC7800A69FCA /* Debug */ = {
			isa = XCBuildConfiguration;
			buildSettings = {
				ASSETCATALOG_COMPILER_APPICON_NAME = AppIcon;
				ASSETCATALOG_COMPILER_GLOBAL_ACCENT_COLOR_NAME = AccentColor;
				CODE_SIGN_STYLE = Automatic;
				CURRENT_PROJECT_VERSION = 1;
				DEVELOPMENT_TEAM = 8X77Z4A6V8;
				GENERATE_INFOPLIST_FILE = YES;
				INFOPLIST_FILE = PlantWatering/Info.plist;
				INFOPLIST_KEY_UIApplicationSupportsIndirectInputEvents = YES;
				INFOPLIST_KEY_UILaunchStoryboardName = LaunchScreen;
				INFOPLIST_KEY_UIMainStoryboardFile = Main;
				INFOPLIST_KEY_UISupportedInterfaceOrientations_iPad = "UIInterfaceOrientationPortrait UIInterfaceOrientationPortraitUpsideDown UIInterfaceOrientationLandscapeLeft UIInterfaceOrientationLandscapeRight";
				INFOPLIST_KEY_UISupportedInterfaceOrientations_iPhone = "UIInterfaceOrientationPortrait UIInterfaceOrientationLandscapeLeft UIInterfaceOrientationLandscapeRight";
				IPHONEOS_DEPLOYMENT_TARGET = 16.0;
				LD_RUNPATH_SEARCH_PATHS = (
					"$(inherited)",
					"@executable_path/Frameworks",
				);
				MARKETING_VERSION = 1.0;
				PRODUCT_BUNDLE_IDENTIFIER = com.ananya.PlantWatering;
				PRODUCT_NAME = "$(TARGET_NAME)";
				SWIFT_EMIT_LOC_STRINGS = YES;
				SWIFT_VERSION = 5.0;
				TARGETED_DEVICE_FAMILY = "1,2";
			};
			name = Debug;
		};
		007C4EF929D7BC7800A69FCA /* Release */ = {
			isa = XCBuildConfiguration;
			buildSettings = {
				ASSETCATALOG_COMPILER_APPICON_NAME = AppIcon;
				ASSETCATALOG_COMPILER_GLOBAL_ACCENT_COLOR_NAME = AccentColor;
				CODE_SIGN_STYLE = Automatic;
				CURRENT_PROJECT_VERSION = 1;
				DEVELOPMENT_TEAM = 8X77Z4A6V8;
				GENERATE_INFOPLIST_FILE = YES;
				INFOPLIST_FILE = PlantWatering/Info.plist;
				INFOPLIST_KEY_UIApplicationSupportsIndirectInputEvents = YES;
				INFOPLIST_KEY_UILaunchStoryboardName = LaunchScreen;
				INFOPLIST_KEY_UIMainStoryboardFile = Main;
				INFOPLIST_KEY_UISupportedInterfaceOrientations_iPad = "UIInterfaceOrientationPortrait UIInterfaceOrientationPortraitUpsideDown UIInterfaceOrientationLandscapeLeft UIInterfaceOrientationLandscapeRight";
				INFOPLIST_KEY_UISupportedInterfaceOrientations_iPhone = "UIInterfaceOrientationPortrait UIInterfaceOrientationLandscapeLeft UIInterfaceOrientationLandscapeRight";
				IPHONEOS_DEPLOYMENT_TARGET = 16.0;
				LD_RUNPATH_SEARCH_PATHS = (
					"$(inherited)",
					"@executable_path/Frameworks",
				);
				MARKETING_VERSION = 1.0;
				PRODUCT_BUNDLE_IDENTIFIER = com.ananya.PlantWatering;
				PRODUCT_NAME = "$(TARGET_NAME)";
				SWIFT_EMIT_LOC_STRINGS = YES;
				SWIFT_VERSION = 5.0;
				TARGETED_DEVICE_FAMILY = "1,2";
			};
			name = Release;
		};
/* End XCBuildConfiguration section */

/* Begin XCConfigurationList section */
		007C4EDE29D7BC7700A69FCA /* Build configuration list for PBXProject "PlantWatering" */ = {
			isa = XCConfigurationList;
			buildConfigurations = (
				007C4EF529D7BC7800A69FCA /* Debug */,
				007C4EF629D7BC7800A69FCA /* Release */,
			);
			defaultConfigurationIsVisible = 0;
			defaultConfigurationName = Release;
		};
		007C4EF729D7BC7800A69FCA /* Build configuration list for PBXNativeTarget "PlantWatering" */ = {
			isa = XCConfigurationList;
			buildConfigurations = (
				007C4EF829D7BC7800A69FCA /* Debug */,
				007C4EF929D7BC7800A69FCA /* Release */,
			);
			defaultConfigurationIsVisible = 0;
			defaultConfigurationName = Release;
		};
/* End XCConfigurationList section */
	};
	rootObject = 007C4EDB29D7BC7700A69FCA /* Project object */;
}
